
Microsoft Visual Studio Solution File, Format Version 12.00
# Visual Studio Version 17
VisualStudioVersion = 17.0.31903.59
MinimumVisualStudioVersion = 10.0.40219.1
Project("{FAE04EC0-301F-11D3-BF4B-00C04F79EFBC}") = "TechNotes", "TechNotes\TechNotes.csproj", "{E27696CB-3FEA-4B64-A044-789EF38A8FBD}"
EndProject
Project("{FAE04EC0-301F-11D3-BF4B-00C04F79EFBC}") = "TechNotes.Domain", "TechNotes.Domain\TechNotes.Domain.csproj", "{F4D4A480-CEB0-4A04-97C9-ACE9C9F30BD4}"
EndProject
Project("{FAE04EC0-301F-11D3-BF4B-00C04F79EFBC}") = "TechNotes.Application", "TechNotes.Application\TechNotes.Application.csproj", "{9676EA61-702E-41A0-B67C-EA629DCDEC53}"
EndProject
Project("{FAE04EC0-301F-11D3-BF4B-00C04F79EFBC}") = "TechNotes.Infrastructure", "TechNotes.Infrastructure\TechNotes.Infrastructure.csproj", "{E1F17B97-7F77-4896-8790-F8267DDB244F}"
EndProject
Global
	GlobalSection(SolutionConfigurationPlatforms) = preSolution
		Debug|Any CPU = Debug|Any CPU
		Debug|x64 = Debug|x64
		Debug|x86 = Debug|x86
		Release|Any CPU = Release|Any CPU
		Release|x64 = Release|x64
		Release|x86 = Release|x86
	EndGlobalSection
	GlobalSection(ProjectConfigurationPlatforms) = postSolution
		{E27696CB-3FEA-4B64-A044-789EF38A8FBD}.Debug|Any CPU.ActiveCfg = Debug|Any CPU
		{E27696CB-3FEA-4B64-A044-789EF38A8FBD}.Debug|Any CPU.Build.0 = Debug|Any CPU
		{E27696CB-3FEA-4B64-A044-789EF38A8FBD}.Debug|x64.ActiveCfg = Debug|Any CPU
		{E27696CB-3FEA-4B64-A044-789EF38A8FBD}.Debug|x64.Build.0 = Debug|Any CPU
		{E27696CB-3FEA-4B64-A044-789EF38A8FBD}.Debug|x86.ActiveCfg = Debug|Any CPU
		{E27696CB-3FEA-4B64-A044-789EF38A8FBD}.Debug|x86.Build.0 = Debug|Any CPU
		{E27696CB-3FEA-4B64-A044-789EF38A8FBD}.Release|Any CPU.ActiveCfg = Release|Any CPU
		{E27696CB-3FEA-4B64-A044-789EF38A8FBD}.Release|Any CPU.Build.0 = Release|Any CPU
		{E27696CB-3FEA-4B64-A044-789EF38A8FBD}.Release|x64.ActiveCfg = Release|Any CPU
		{E27696CB-3FEA-4B64-A044-789EF38A8FBD}.Release|x64.Build.0 = Release|Any CPU
		{E27696CB-3FEA-4B64-A044-789EF38A8FBD}.Release|x86.ActiveCfg = Release|Any CPU
		{E27696CB-3FEA-4B64-A044-789EF38A8FBD}.Release|x86.Build.0 = Release|Any CPU
		{F4D4A480-CEB0-4A04-97C9-ACE9C9F30BD4}.Debug|Any CPU.ActiveCfg = Debug|Any CPU
		{F4D4A480-CEB0-4A04-97C9-ACE9C9F30BD4}.Debug|Any CPU.Build.0 = Debug|Any CPU
		{F4D4A480-CEB0-4A04-97C9-ACE9C9F30BD4}.Debug|x64.ActiveCfg = Debug|Any CPU
		{F4D4A480-CEB0-4A04-97C9-ACE9C9F30BD4}.Debug|x64.Build.0 = Debug|Any CPU
		{F4D4A480-CEB0-4A04-97C9-ACE9C9F30BD4}.Debug|x86.ActiveCfg = Debug|Any CPU
		{F4D4A480-CEB0-4A04-97C9-ACE9C9F30BD4}.Debug|x86.Build.0 = Debug|Any CPU
		{F4D4A480-CEB0-4A04-97C9-ACE9C9F30BD4}.Release|Any CPU.ActiveCfg = Release|Any CPU
		{F4D4A480-CEB0-4A04-97C9-ACE9C9F30BD4}.Release|Any CPU.Build.0 = Release|Any CPU
		{F4D4A480-CEB0-4A04-97C9-ACE9C9F30BD4}.Release|x64.ActiveCfg = Release|Any CPU
		{F4D4A480-CEB0-4A04-97C9-ACE9C9F30BD4}.Release|x64.Build.0 = Release|Any CPU
		{F4D4A480-CEB0-4A04-97C9-ACE9C9F30BD4}.Release|x86.ActiveCfg = Release|Any CPU
		{F4D4A480-CEB0-4A04-97C9-ACE9C9F30BD4}.Release|x86.Build.0 = Release|Any CPU
		{9676EA61-702E-41A0-B67C-EA629DCDEC53}.Debug|Any CPU.ActiveCfg = Debug|Any CPU
		{9676EA61-702E-41A0-B67C-EA629DCDEC53}.Debug|Any CPU.Build.0 = Debug|Any CPU
		{9676EA61-702E-41A0-B67C-EA629DCDEC53}.Debug|x64.ActiveCfg = Debug|Any CPU
		{9676EA61-702E-41A0-B67C-EA629DCDEC53}.Debug|x64.Build.0 = Debug|Any CPU
		{9676EA61-702E-41A0-B67C-EA629DCDEC53}.Debug|x86.ActiveCfg = Debug|Any CPU
		{9676EA61-702E-41A0-B67C-EA629DCDEC53}.Debug|x86.Build.0 = Debug|Any CPU
		{9676EA61-702E-41A0-B67C-EA629DCDEC53}.Release|Any CPU.ActiveCfg = Release|Any CPU
		{9676EA61-702E-41A0-B67C-EA629DCDEC53}.Release|Any CPU.Build.0 = Release|Any CPU
		{9676EA61-702E-41A0-B67C-EA629DCDEC53}.Release|x64.ActiveCfg = Release|Any CPU
		{9676EA61-702E-41A0-B67C-EA629DCDEC53}.Release|x64.Build.0 = Release|Any CPU
		{9676EA61-702E-41A0-B67C-EA629DCDEC53}.Release|x86.ActiveCfg = Release|Any CPU
		{9676EA61-702E-41A0-B67C-EA629DCDEC53}.Release|x86.Build.0 = Release|Any CPU
		{E1F17B97-7F77-4896-8790-F8267DDB244F}.Debug|Any CPU.ActiveCfg = Debug|Any CPU
		{E1F17B97-7F77-4896-8790-F8267DDB244F}.Debug|Any CPU.Build.0 = Debug|Any CPU
		{E1F17B97-7F77-4896-8790-F8267DDB244F}.Debug|x64.ActiveCfg = Debug|Any CPU
		{E1F17B97-7F77-4896-8790-F8267DDB244F}.Debug|x64.Build.0 = Debug|Any CPU
		{E1F17B97-7F77-4896-8790-F8267DDB244F}.Debug|x86.ActiveCfg = Debug|Any CPU
		{E1F17B97-7F77-4896-8790-F8267DDB244F}.Debug|x86.Build.0 = Debug|Any CPU
		{E1F17B97-7F77-4896-8790-F8267DDB244F}.Release|Any CPU.ActiveCfg = Release|Any CPU
		{E1F17B97-7F77-4896-8790-F8267DDB244F}.Release|Any CPU.Build.0 = Release|Any CPU
		{E1F17B97-7F77-4896-8790-F8267DDB244F}.Release|x64.ActiveCfg = Release|Any CPU
		{E1F17B97-7F77-4896-8790-F8267DDB244F}.Release|x64.Build.0 = Release|Any CPU
		{E1F17B97-7F77-4896-8790-F8267DDB244F}.Release|x86.ActiveCfg = Release|Any CPU
		{E1F17B97-7F77-4896-8790-F8267DDB244F}.Release|x86.Build.0 = Release|Any CPU
	EndGlobalSection
	GlobalSection(SolutionProperties) = preSolution
		HideSolutionNode = FALSE
	EndGlobalSection
EndGlobal
